
Microsoft Visual Studio Solution File, Format Version 12.00
# Visual Studio Version 17
VisualStudioVersion = 17.3.32825.248
MinimumVisualStudioVersion = 10.0.40219.1
Project("{9A19103F-16F7-4668-BE54-9A1E7A4F7556}") = "Classes", "Classes\Classes.csproj", "{262FA111-4D7B-405C-9DC7-07E838E4F226}"
EndProject
Project("{FAE04EC0-301F-11D3-BF4B-00C04F79EFBC}") = "Classes_2", "Classes_2\Classes_2.csproj", "{F4BE55B8-24D9-4449-BF20-99A0404D476E}"
EndProject
Global
	GlobalSection(SolutionConfigurationPlatforms) = preSolution
		Debug|Any CPU = Debug|Any CPU
		Release|Any CPU = Release|Any CPU
	EndGlobalSection
	GlobalSection(ProjectConfigurationPlatforms) = postSolution
		{262FA111-4D7B-405C-9DC7-07E838E4F226}.Debug|Any CPU.ActiveCfg = Debug|Any CPU
		{262FA111-4D7B-405C-9DC7-07E838E4F226}.Debug|Any CPU.Build.0 = Debug|Any CPU
		{262FA111-4D7B-405C-9DC7-07E838E4F226}.Release|Any CPU.ActiveCfg = Release|Any CPU
		{262FA111-4D7B-405C-9DC7-07E838E4F226}.Release|Any CPU.Build.0 = Release|Any CPU
		{F4BE55B8-24D9-4449-BF20-99A0404D476E}.Debug|Any CPU.ActiveCfg = Debug|Any CPU
		{F4BE55B8-24D9-4449-BF20-99A0404D476E}.Debug|Any CPU.Build.0 = Debug|Any CPU
		{F4BE55B8-24D9-4449-BF20-99A0404D476E}.Release|Any CPU.ActiveCfg = Release|Any CPU
		{F4BE55B8-24D9-4449-BF20-99A0404D476E}.Release|Any CPU.Build.0 = Release|Any CPU
	EndGlobalSection
	GlobalSection(SolutionProperties) = preSolution
		HideSolutionNode = FALSE
	EndGlobalSection
	GlobalSection(ExtensibilityGlobals) = postSolution
		SolutionGuid = {70C83A85-96BD-4FC0-8E7A-13F641554278}
	EndGlobalSection
EndGlobal
